
Microsoft Visual Studio Solution File, Format Version 12.00
# Visual Studio Version 17
VisualStudioVersion = 17.0.31903.59
MinimumVisualStudioVersion = 10.0.40219.1
Project("{2150E333-8FDC-42A3-9474-1A3956D46DE8}") = "src", "src", "{827E0CD3-B72D-47B6-A68D-7590B98EB39B}"
EndProject
Project("{FAE04EC0-301F-11D3-BF4B-00C04F79EFBC}") = "InvestmentBackend.Domain", "src\InvestmentBackend.Domain\InvestmentBackend.Domain.csproj", "{AFCDB7EE-D394-48EC-996C-AB3345911F76}"
EndProject
Project("{FAE04EC0-301F-11D3-BF4B-00C04F79EFBC}") = "InvestmentBackend.Application", "src\InvestmentBackend.Application\InvestmentBackend.Application.csproj", "{8FDB7292-4813-4081-A550-59F5A9C3C00A}"
EndProject
Project("{FAE04EC0-301F-11D3-BF4B-00C04F79EFBC}") = "InvestmentBackend.Infrastructure", "src\InvestmentBackend.Infrastructure\InvestmentBackend.Infrastructure.csproj", "{FCAA9DE5-B7B6-4548-9772-6E209387F377}"
EndProject
Project("{FAE04EC0-301F-11D3-BF4B-00C04F79EFBC}") = "InvestmentBackend.WebApi", "src\InvestmentBackend.WebApi\InvestmentBackend.WebApi.csproj", "{D0ECE05D-6780-4513-A661-B65F2E7FD14A}"
EndProject
Project("{2150E333-8FDC-42A3-9474-1A3956D46DE8}") = "docs", "docs", "{02EA681E-C7D8-13C7-8484-4AC65E1B71E8}"
EndProject
Project("{2150E333-8FDC-42A3-9474-1A3956D46DE8}") = "test", "test", "{B1453F0C-DD3E-406F-BB45-8CEB610741C2}"
EndProject
Global
	GlobalSection(SolutionConfigurationPlatforms) = preSolution
		Debug|Any CPU = Debug|Any CPU
		Debug|x64 = Debug|x64
		Debug|x86 = Debug|x86
		Release|Any CPU = Release|Any CPU
		Release|x64 = Release|x64
		Release|x86 = Release|x86
	EndGlobalSection
	GlobalSection(ProjectConfigurationPlatforms) = postSolution
		{AFCDB7EE-D394-48EC-996C-AB3345911F76}.Debug|Any CPU.ActiveCfg = Debug|Any CPU
		{AFCDB7EE-D394-48EC-996C-AB3345911F76}.Debug|Any CPU.Build.0 = Debug|Any CPU
		{AFCDB7EE-D394-48EC-996C-AB3345911F76}.Debug|x64.ActiveCfg = Debug|Any CPU
		{AFCDB7EE-D394-48EC-996C-AB3345911F76}.Debug|x64.Build.0 = Debug|Any CPU
		{AFCDB7EE-D394-48EC-996C-AB3345911F76}.Debug|x86.ActiveCfg = Debug|Any CPU
		{AFCDB7EE-D394-48EC-996C-AB3345911F76}.Debug|x86.Build.0 = Debug|Any CPU
		{AFCDB7EE-D394-48EC-996C-AB3345911F76}.Release|Any CPU.ActiveCfg = Release|Any CPU
		{AFCDB7EE-D394-48EC-996C-AB3345911F76}.Release|Any CPU.Build.0 = Release|Any CPU
		{AFCDB7EE-D394-48EC-996C-AB3345911F76}.Release|x64.ActiveCfg = Release|Any CPU
		{AFCDB7EE-D394-48EC-996C-AB3345911F76}.Release|x64.Build.0 = Release|Any CPU
		{AFCDB7EE-D394-48EC-996C-AB3345911F76}.Release|x86.ActiveCfg = Release|Any CPU
		{AFCDB7EE-D394-48EC-996C-AB3345911F76}.Release|x86.Build.0 = Release|Any CPU
		{8FDB7292-4813-4081-A550-59F5A9C3C00A}.Debug|Any CPU.ActiveCfg = Debug|Any CPU
		{8FDB7292-4813-4081-A550-59F5A9C3C00A}.Debug|Any CPU.Build.0 = Debug|Any CPU
		{8FDB7292-4813-4081-A550-59F5A9C3C00A}.Debug|x64.ActiveCfg = Debug|Any CPU
		{8FDB7292-4813-4081-A550-59F5A9C3C00A}.Debug|x64.Build.0 = Debug|Any CPU
		{8FDB7292-4813-4081-A550-59F5A9C3C00A}.Debug|x86.ActiveCfg = Debug|Any CPU
		{8FDB7292-4813-4081-A550-59F5A9C3C00A}.Debug|x86.Build.0 = Debug|Any CPU
		{8FDB7292-4813-4081-A550-59F5A9C3C00A}.Release|Any CPU.ActiveCfg = Release|Any CPU
		{8FDB7292-4813-4081-A550-59F5A9C3C00A}.Release|Any CPU.Build.0 = Release|Any CPU
		{8FDB7292-4813-4081-A550-59F5A9C3C00A}.Release|x64.ActiveCfg = Release|Any CPU
		{8FDB7292-4813-4081-A550-59F5A9C3C00A}.Release|x64.Build.0 = Release|Any CPU
		{8FDB7292-4813-4081-A550-59F5A9C3C00A}.Release|x86.ActiveCfg = Release|Any CPU
		{8FDB7292-4813-4081-A550-59F5A9C3C00A}.Release|x86.Build.0 = Release|Any CPU
		{FCAA9DE5-B7B6-4548-9772-6E209387F377}.Debug|Any CPU.ActiveCfg = Debug|Any CPU
		{FCAA9DE5-B7B6-4548-9772-6E209387F377}.Debug|Any CPU.Build.0 = Debug|Any CPU
		{FCAA9DE5-B7B6-4548-9772-6E209387F377}.Debug|x64.ActiveCfg = Debug|Any CPU
		{FCAA9DE5-B7B6-4548-9772-6E209387F377}.Debug|x64.Build.0 = Debug|Any CPU
		{FCAA9DE5-B7B6-4548-9772-6E209387F377}.Debug|x86.ActiveCfg = Debug|Any CPU
		{FCAA9DE5-B7B6-4548-9772-6E209387F377}.Debug|x86.Build.0 = Debug|Any CPU
		{FCAA9DE5-B7B6-4548-9772-6E209387F377}.Release|Any CPU.ActiveCfg = Release|Any CPU
		{FCAA9DE5-B7B6-4548-9772-6E209387F377}.Release|Any CPU.Build.0 = Release|Any CPU
		{FCAA9DE5-B7B6-4548-9772-6E209387F377}.Release|x64.ActiveCfg = Release|Any CPU
		{FCAA9DE5-B7B6-4548-9772-6E209387F377}.Release|x64.Build.0 = Release|Any CPU
		{FCAA9DE5-B7B6-4548-9772-6E209387F377}.Release|x86.ActiveCfg = Release|Any CPU
		{FCAA9DE5-B7B6-4548-9772-6E209387F377}.Release|x86.Build.0 = Release|Any CPU
		{D0ECE05D-6780-4513-A661-B65F2E7FD14A}.Debug|Any CPU.ActiveCfg = Debug|Any CPU
		{D0ECE05D-6780-4513-A661-B65F2E7FD14A}.Debug|Any CPU.Build.0 = Debug|Any CPU
		{D0ECE05D-6780-4513-A661-B65F2E7FD14A}.Debug|x64.ActiveCfg = Debug|Any CPU
		{D0ECE05D-6780-4513-A661-B65F2E7FD14A}.Debug|x64.Build.0 = Debug|Any CPU
		{D0ECE05D-6780-4513-A661-B65F2E7FD14A}.Debug|x86.ActiveCfg = Debug|Any CPU
		{D0ECE05D-6780-4513-A661-B65F2E7FD14A}.Debug|x86.Build.0 = Debug|Any CPU
		{D0ECE05D-6780-4513-A661-B65F2E7FD14A}.Release|Any CPU.ActiveCfg = Release|Any CPU
		{D0ECE05D-6780-4513-A661-B65F2E7FD14A}.Release|Any CPU.Build.0 = Release|Any CPU
		{D0ECE05D-6780-4513-A661-B65F2E7FD14A}.Release|x64.ActiveCfg = Release|Any CPU
		{D0ECE05D-6780-4513-A661-B65F2E7FD14A}.Release|x64.Build.0 = Release|Any CPU
		{D0ECE05D-6780-4513-A661-B65F2E7FD14A}.Release|x86.ActiveCfg = Release|Any CPU
		{D0ECE05D-6780-4513-A661-B65F2E7FD14A}.Release|x86.Build.0 = Release|Any CPU
	EndGlobalSection
	GlobalSection(SolutionProperties) = preSolution
		HideSolutionNode = FALSE
	EndGlobalSection
	GlobalSection(NestedProjects) = preSolution
		{AFCDB7EE-D394-48EC-996C-AB3345911F76} = {827E0CD3-B72D-47B6-A68D-7590B98EB39B}
		{8FDB7292-4813-4081-A550-59F5A9C3C00A} = {827E0CD3-B72D-47B6-A68D-7590B98EB39B}
		{FCAA9DE5-B7B6-4548-9772-6E209387F377} = {827E0CD3-B72D-47B6-A68D-7590B98EB39B}
		{D0ECE05D-6780-4513-A661-B65F2E7FD14A} = {827E0CD3-B72D-47B6-A68D-7590B98EB39B}
	EndGlobalSection
	GlobalSection(ExtensibilityGlobals) = postSolution
		SolutionGuid = {C6F0BF2C-26A8-42FE-9082-9C1172D648F9}
	EndGlobalSection
EndGlobal
